// !$*UTF8*$!
{
	archiveVersion = 1;
	classes = {
	};
	objectVersion = 56;
	objects = {

/* Begin PBXBuildFile section */
		232408AA2A82746E000A1024 /* Alamofire in Frameworks */ = {isa = PBXBuildFile; productRef = 232408A92A82746E000A1024 /* Alamofire */; };
		232408AD2A82748E000A1024 /* SwiftyJSON in Frameworks */ = {isa = PBXBuildFile; productRef = 232408AC2A82748E000A1024 /* SwiftyJSON */; };
		232408AF2A8274BE000A1024 /* .gitignore in Resources */ = {isa = PBXBuildFile; fileRef = 232408AE2A8274BE000A1024 /* .gitignore */; };
		232408B12A82757C000A1024 /* APIKey.swift in Sources */ = {isa = PBXBuildFile; fileRef = 232408B02A82757C000A1024 /* APIKey.swift */; };
		232408BB2A827D7D000A1024 /* Kingfisher in Frameworks */ = {isa = PBXBuildFile; productRef = 232408BA2A827D7D000A1024 /* Kingfisher */; };
		232408BF2A83BFDA000A1024 /* Book.swift in Sources */ = {isa = PBXBuildFile; fileRef = 232408BE2A83BFDA000A1024 /* Book.swift */; };
		23870E132A7BDFE200B743F0 /* Protocol.swift in Sources */ = {isa = PBXBuildFile; fileRef = 23870E122A7BDFE200B743F0 /* Protocol.swift */; };
		2387E7DD2AA5FFD40019E4F9 /* Realm in Frameworks */ = {isa = PBXBuildFile; productRef = 2387E7DC2AA5FFD40019E4F9 /* Realm */; };
		2387E7DF2AA5FFD40019E4F9 /* RealmSwift in Frameworks */ = {isa = PBXBuildFile; productRef = 2387E7DE2AA5FFD40019E4F9 /* RealmSwift */; };
		2387E7E12AA600040019E4F9 /* RealmModel.swift in Sources */ = {isa = PBXBuildFile; fileRef = 2387E7E02AA600040019E4F9 /* RealmModel.swift */; };
		2387E7E62AA61B7A0019E4F9 /* KakaoBookAPIManager.swift in Sources */ = {isa = PBXBuildFile; fileRef = 2387E7E52AA61B7A0019E4F9 /* KakaoBookAPIManager.swift */; };
		2387E7ED2AA727010019E4F9 /* Extension+FileManager.swift in Sources */ = {isa = PBXBuildFile; fileRef = 2387E7EC2AA727010019E4F9 /* Extension+FileManager.swift */; };
		239071A32A77B1F500C52AFB /* AppDelegate.swift in Sources */ = {isa = PBXBuildFile; fileRef = 239071A22A77B1F500C52AFB /* AppDelegate.swift */; };
		239071A52A77B1F500C52AFB /* SceneDelegate.swift in Sources */ = {isa = PBXBuildFile; fileRef = 239071A42A77B1F500C52AFB /* SceneDelegate.swift */; };
		239071A72A77B1F500C52AFB /* SearchViewController.swift in Sources */ = {isa = PBXBuildFile; fileRef = 239071A62A77B1F500C52AFB /* SearchViewController.swift */; };
		239071AA2A77B1F500C52AFB /* Main.storyboard in Resources */ = {isa = PBXBuildFile; fileRef = 239071A82A77B1F500C52AFB /* Main.storyboard */; };
		239071AC2A77B1F700C52AFB /* Assets.xcassets in Resources */ = {isa = PBXBuildFile; fileRef = 239071AB2A77B1F700C52AFB /* Assets.xcassets */; };
		239071AF2A77B1F700C52AFB /* LaunchScreen.storyboard in Resources */ = {isa = PBXBuildFile; fileRef = 239071AD2A77B1F700C52AFB /* LaunchScreen.storyboard */; };
		239071B72A77B2E800C52AFB /* BookCollectionViewController.swift in Sources */ = {isa = PBXBuildFile; fileRef = 239071B62A77B2E800C52AFB /* BookCollectionViewController.swift */; };
		239071BA2A77B33300C52AFB /* BookCollectionViewCell.swift in Sources */ = {isa = PBXBuildFile; fileRef = 239071B82A77B33300C52AFB /* BookCollectionViewCell.swift */; };
		239071BB2A77B33300C52AFB /* BookCollectionViewCell.xib in Resources */ = {isa = PBXBuildFile; fileRef = 239071B92A77B33300C52AFB /* BookCollectionViewCell.xib */; };
		239071BD2A77C89F00C52AFB /* DetailViewController.swift in Sources */ = {isa = PBXBuildFile; fileRef = 239071BC2A77C89F00C52AFB /* DetailViewController.swift */; };
		239071BF2A77CD4C00C52AFB /* Movie.swift in Sources */ = {isa = PBXBuildFile; fileRef = 239071BE2A77CD4C00C52AFB /* Movie.swift */; };
		239071C12A77CD7500C52AFB /* MovieInfo.swift in Sources */ = {isa = PBXBuildFile; fileRef = 239071C02A77CD7500C52AFB /* MovieInfo.swift */; };
		239071C32A77CE0B00C52AFB /* Extension+UIViewController.swift in Sources */ = {isa = PBXBuildFile; fileRef = 239071C22A77CE0B00C52AFB /* Extension+UIViewController.swift */; };
		239071CB2A7A41A900C52AFB /* Home.storyboard in Resources */ = {isa = PBXBuildFile; fileRef = 239071CA2A7A41A900C52AFB /* Home.storyboard */; };
		239071CD2A7A435600C52AFB /* HomeViewController.swift in Sources */ = {isa = PBXBuildFile; fileRef = 239071CC2A7A435600C52AFB /* HomeViewController.swift */; };
		239071D02A7A478F00C52AFB /* BestTableViewCell.swift in Sources */ = {isa = PBXBuildFile; fileRef = 239071CE2A7A478F00C52AFB /* BestTableViewCell.swift */; };
		239071D12A7A478F00C52AFB /* BestTableViewCell.xib in Resources */ = {isa = PBXBuildFile; fileRef = 239071CF2A7A478F00C52AFB /* BestTableViewCell.xib */; };
		239071D42A7A55AD00C52AFB /* RecentCollectionViewCell.swift in Sources */ = {isa = PBXBuildFile; fileRef = 239071D22A7A55AD00C52AFB /* RecentCollectionViewCell.swift */; };
		239071D52A7A55AD00C52AFB /* RecentCollectionViewCell.xib in Resources */ = {isa = PBXBuildFile; fileRef = 239071D32A7A55AD00C52AFB /* RecentCollectionViewCell.xib */; };
/* End PBXBuildFile section */

/* Begin PBXFileReference section */
		232408AE2A8274BE000A1024 /* .gitignore */ = {isa = PBXFileReference; lastKnownFileType = text; path = .gitignore; sourceTree = "<group>"; };
		232408B02A82757C000A1024 /* APIKey.swift */ = {isa = PBXFileReference; lastKnownFileType = sourcecode.swift; path = APIKey.swift; sourceTree = "<group>"; };
		232408BE2A83BFDA000A1024 /* Book.swift */ = {isa = PBXFileReference; lastKnownFileType = sourcecode.swift; name = Book.swift; path = Bookworm/Sources/ViewControllers/Book.swift; sourceTree = SOURCE_ROOT; };
		23870E122A7BDFE200B743F0 /* Protocol.swift */ = {isa = PBXFileReference; lastKnownFileType = sourcecode.swift; path = Protocol.swift; sourceTree = "<group>"; };
		2387E7E02AA600040019E4F9 /* RealmModel.swift */ = {isa = PBXFileReference; lastKnownFileType = sourcecode.swift; path = RealmModel.swift; sourceTree = "<group>"; };
		2387E7E52AA61B7A0019E4F9 /* KakaoBookAPIManager.swift */ = {isa = PBXFileReference; lastKnownFileType = sourcecode.swift; path = KakaoBookAPIManager.swift; sourceTree = "<group>"; };
		2387E7EC2AA727010019E4F9 /* Extension+FileManager.swift */ = {isa = PBXFileReference; lastKnownFileType = sourcecode.swift; path = "Extension+FileManager.swift"; sourceTree = "<group>"; };
		2390719F2A77B1F500C52AFB /* Bookworm.app */ = {isa = PBXFileReference; explicitFileType = wrapper.application; includeInIndex = 0; path = Bookworm.app; sourceTree = BUILT_PRODUCTS_DIR; };
		239071A22A77B1F500C52AFB /* AppDelegate.swift */ = {isa = PBXFileReference; lastKnownFileType = sourcecode.swift; path = AppDelegate.swift; sourceTree = "<group>"; };
		239071A42A77B1F500C52AFB /* SceneDelegate.swift */ = {isa = PBXFileReference; lastKnownFileType = sourcecode.swift; path = SceneDelegate.swift; sourceTree = "<group>"; };
		239071A62A77B1F500C52AFB /* SearchViewController.swift */ = {isa = PBXFileReference; lastKnownFileType = sourcecode.swift; path = SearchViewController.swift; sourceTree = "<group>"; };
		239071A92A77B1F500C52AFB /* Base */ = {isa = PBXFileReference; lastKnownFileType = file.storyboard; name = Base; path = Base.lproj/Main.storyboard; sourceTree = "<group>"; };
		239071AB2A77B1F700C52AFB /* Assets.xcassets */ = {isa = PBXFileReference; lastKnownFileType = folder.assetcatalog; path = Assets.xcassets; sourceTree = "<group>"; };
		239071AE2A77B1F700C52AFB /* Base */ = {isa = PBXFileReference; lastKnownFileType = file.storyboard; name = Base; path = Base.lproj/LaunchScreen.storyboard; sourceTree = "<group>"; };
		239071B02A77B1F700C52AFB /* Info.plist */ = {isa = PBXFileReference; lastKnownFileType = text.plist.xml; path = Info.plist; sourceTree = "<group>"; };
		239071B62A77B2E800C52AFB /* BookCollectionViewController.swift */ = {isa = PBXFileReference; lastKnownFileType = sourcecode.swift; path = BookCollectionViewController.swift; sourceTree = "<group>"; };
		239071B82A77B33300C52AFB /* BookCollectionViewCell.swift */ = {isa = PBXFileReference; lastKnownFileType = sourcecode.swift; path = BookCollectionViewCell.swift; sourceTree = "<group>"; };
		239071B92A77B33300C52AFB /* BookCollectionViewCell.xib */ = {isa = PBXFileReference; lastKnownFileType = file.xib; path = BookCollectionViewCell.xib; sourceTree = "<group>"; };
		239071BC2A77C89F00C52AFB /* DetailViewController.swift */ = {isa = PBXFileReference; lastKnownFileType = sourcecode.swift; path = DetailViewController.swift; sourceTree = "<group>"; };
		239071BE2A77CD4C00C52AFB /* Movie.swift */ = {isa = PBXFileReference; lastKnownFileType = sourcecode.swift; path = Movie.swift; sourceTree = "<group>"; };
		239071C02A77CD7500C52AFB /* MovieInfo.swift */ = {isa = PBXFileReference; lastKnownFileType = sourcecode.swift; path = MovieInfo.swift; sourceTree = "<group>"; };
		239071C22A77CE0B00C52AFB /* Extension+UIViewController.swift */ = {isa = PBXFileReference; lastKnownFileType = sourcecode.swift; path = "Extension+UIViewController.swift"; sourceTree = "<group>"; };
		239071CA2A7A41A900C52AFB /* Home.storyboard */ = {isa = PBXFileReference; lastKnownFileType = file.storyboard; path = Home.storyboard; sourceTree = "<group>"; };
		239071CC2A7A435600C52AFB /* HomeViewController.swift */ = {isa = PBXFileReference; lastKnownFileType = sourcecode.swift; path = HomeViewController.swift; sourceTree = "<group>"; };
		239071CE2A7A478F00C52AFB /* BestTableViewCell.swift */ = {isa = PBXFileReference; lastKnownFileType = sourcecode.swift; path = BestTableViewCell.swift; sourceTree = "<group>"; };
		239071CF2A7A478F00C52AFB /* BestTableViewCell.xib */ = {isa = PBXFileReference; lastKnownFileType = file.xib; path = BestTableViewCell.xib; sourceTree = "<group>"; };
		239071D22A7A55AD00C52AFB /* RecentCollectionViewCell.swift */ = {isa = PBXFileReference; lastKnownFileType = sourcecode.swift; path = RecentCollectionViewCell.swift; sourceTree = "<group>"; };
		239071D32A7A55AD00C52AFB /* RecentCollectionViewCell.xib */ = {isa = PBXFileReference; lastKnownFileType = file.xib; path = RecentCollectionViewCell.xib; sourceTree = "<group>"; };
/* End PBXFileReference section */

/* Begin PBXFrameworksBuildPhase section */
		2390719C2A77B1F500C52AFB /* Frameworks */ = {
			isa = PBXFrameworksBuildPhase;
			buildActionMask = 2147483647;
			files = (
				232408BB2A827D7D000A1024 /* Kingfisher in Frameworks */,
				232408AD2A82748E000A1024 /* SwiftyJSON in Frameworks */,
				2387E7DD2AA5FFD40019E4F9 /* Realm in Frameworks */,
				2387E7DF2AA5FFD40019E4F9 /* RealmSwift in Frameworks */,
				232408AA2A82746E000A1024 /* Alamofire in Frameworks */,
			);
			runOnlyForDeploymentPostprocessing = 0;
		};
/* End PBXFrameworksBuildPhase section */

/* Begin PBXGroup section */
		232408B22A8275C1000A1024 /* Resources */ = {
			isa = PBXGroup;
			children = (
				232408B82A82777A000A1024 /* API */,
				239071A22A77B1F500C52AFB /* AppDelegate.swift */,
				239071A42A77B1F500C52AFB /* SceneDelegate.swift */,
				232408B42A827624000A1024 /* Storyboards */,
				239071AB2A77B1F700C52AFB /* Assets.xcassets */,
			);
			path = Resources;
			sourceTree = "<group>";
		};
		232408B32A8275F3000A1024 /* Sources */ = {
			isa = PBXGroup;
			children = (
				232408B52A82765D000A1024 /* ViewControllers */,
				232408B62A827693000A1024 /* Cells */,
				232408B72A8276BD000A1024 /* Models */,
				2387E7EB2AA716F70019E4F9 /* Extension */,
			);
			path = Sources;
			sourceTree = "<group>";
		};
		232408B42A827624000A1024 /* Storyboards */ = {
			isa = PBXGroup;
			children = (
				239071CA2A7A41A900C52AFB /* Home.storyboard */,
				239071A82A77B1F500C52AFB /* Main.storyboard */,
				239071AD2A77B1F700C52AFB /* LaunchScreen.storyboard */,
			);
			path = Storyboards;
			sourceTree = "<group>";
		};
		232408B52A82765D000A1024 /* ViewControllers */ = {
			isa = PBXGroup;
			children = (
				239071CC2A7A435600C52AFB /* HomeViewController.swift */,
				239071A62A77B1F500C52AFB /* SearchViewController.swift */,
				239071B62A77B2E800C52AFB /* BookCollectionViewController.swift */,
				239071BC2A77C89F00C52AFB /* DetailViewController.swift */,
			);
			path = ViewControllers;
			sourceTree = "<group>";
		};
		232408B62A827693000A1024 /* Cells */ = {
			isa = PBXGroup;
			children = (
				239071B82A77B33300C52AFB /* BookCollectionViewCell.swift */,
				239071B92A77B33300C52AFB /* BookCollectionViewCell.xib */,
				239071D22A7A55AD00C52AFB /* RecentCollectionViewCell.swift */,
				239071D32A7A55AD00C52AFB /* RecentCollectionViewCell.xib */,
				239071CE2A7A478F00C52AFB /* BestTableViewCell.swift */,
				239071CF2A7A478F00C52AFB /* BestTableViewCell.xib */,
			);
			path = Cells;
			sourceTree = "<group>";
		};
		232408B72A8276BD000A1024 /* Models */ = {
			isa = PBXGroup;
			children = (
				232408BE2A83BFDA000A1024 /* Book.swift */,
				239071BE2A77CD4C00C52AFB /* Movie.swift */,
				239071C02A77CD7500C52AFB /* MovieInfo.swift */,
				2387E7E02AA600040019E4F9 /* RealmModel.swift */,
			);
			path = Models;
			sourceTree = "<group>";
		};
		232408B82A82777A000A1024 /* API */ = {
			isa = PBXGroup;
			children = (
				232408B02A82757C000A1024 /* APIKey.swift */,
				232408AE2A8274BE000A1024 /* .gitignore */,
				2387E7E52AA61B7A0019E4F9 /* KakaoBookAPIManager.swift */,
			);
			path = API;
			sourceTree = "<group>";
		};
		2387E7EB2AA716F70019E4F9 /* Extension */ = {
			isa = PBXGroup;
			children = (
				239071C22A77CE0B00C52AFB /* Extension+UIViewController.swift */,
				2387E7EC2AA727010019E4F9 /* Extension+FileManager.swift */,
			);
			path = Extension;
			sourceTree = "<group>";
		};
		239071962A77B1F500C52AFB = {
			isa = PBXGroup;
			children = (
				239071A12A77B1F500C52AFB /* Bookworm */,
				239071A02A77B1F500C52AFB /* Products */,
			);
			sourceTree = "<group>";
		};
		239071A02A77B1F500C52AFB /* Products */ = {
			isa = PBXGroup;
			children = (
				2390719F2A77B1F500C52AFB /* Bookworm.app */,
			);
			name = Products;
			sourceTree = "<group>";
		};
		239071A12A77B1F500C52AFB /* Bookworm */ = {
			isa = PBXGroup;
			children = (
				232408B22A8275C1000A1024 /* Resources */,
				232408B32A8275F3000A1024 /* Sources */,
				23870E122A7BDFE200B743F0 /* Protocol.swift */,
				239071B02A77B1F700C52AFB /* Info.plist */,
			);
			path = Bookworm;
			sourceTree = "<group>";
		};
/* End PBXGroup section */

/* Begin PBXNativeTarget section */
		2390719E2A77B1F500C52AFB /* Bookworm */ = {
			isa = PBXNativeTarget;
			buildConfigurationList = 239071B32A77B1F700C52AFB /* Build configuration list for PBXNativeTarget "Bookworm" */;
			buildPhases = (
				2390719B2A77B1F500C52AFB /* Sources */,
				2390719C2A77B1F500C52AFB /* Frameworks */,
				2390719D2A77B1F500C52AFB /* Resources */,
			);
			buildRules = (
			);
			dependencies = (
			);
			name = Bookworm;
			packageProductDependencies = (
				232408A92A82746E000A1024 /* Alamofire */,
				232408AC2A82748E000A1024 /* SwiftyJSON */,
				232408BA2A827D7D000A1024 /* Kingfisher */,
				2387E7DC2AA5FFD40019E4F9 /* Realm */,
				2387E7DE2AA5FFD40019E4F9 /* RealmSwift */,
			);
			productName = Bookworm;
			productReference = 2390719F2A77B1F500C52AFB /* Bookworm.app */;
			productType = "com.apple.product-type.application";
		};
/* End PBXNativeTarget section */

/* Begin PBXProject section */
		239071972A77B1F500C52AFB /* Project object */ = {
			isa = PBXProject;
			attributes = {
				BuildIndependentTargetsInParallel = 1;
				LastSwiftUpdateCheck = 1430;
				LastUpgradeCheck = 1430;
				TargetAttributes = {
					2390719E2A77B1F500C52AFB = {
						CreatedOnToolsVersion = 14.3.1;
					};
				};
			};
			buildConfigurationList = 2390719A2A77B1F500C52AFB /* Build configuration list for PBXProject "Bookworm" */;
			compatibilityVersion = "Xcode 14.0";
			developmentRegion = en;
			hasScannedForEncodings = 0;
			knownRegions = (
				en,
				Base,
			);
			mainGroup = 239071962A77B1F500C52AFB;
			packageReferences = (
				232408A82A82746E000A1024 /* XCRemoteSwiftPackageReference "Alamofire" */,
				232408AB2A82748E000A1024 /* XCRemoteSwiftPackageReference "SwiftyJSON" */,
				232408B92A827D7D000A1024 /* XCRemoteSwiftPackageReference "Kingfisher" */,
				2387E7DB2AA5FFD40019E4F9 /* XCRemoteSwiftPackageReference "realm-swift" */,
			);
			productRefGroup = 239071A02A77B1F500C52AFB /* Products */;
			projectDirPath = "";
			projectRoot = "";
			targets = (
				2390719E2A77B1F500C52AFB /* Bookworm */,
			);
		};
/* End PBXProject section */

/* Begin PBXResourcesBuildPhase section */
		2390719D2A77B1F500C52AFB /* Resources */ = {
			isa = PBXResourcesBuildPhase;
			buildActionMask = 2147483647;
			files = (
				232408AF2A8274BE000A1024 /* .gitignore in Resources */,
				239071AF2A77B1F700C52AFB /* LaunchScreen.storyboard in Resources */,
				239071D52A7A55AD00C52AFB /* RecentCollectionViewCell.xib in Resources */,
				239071CB2A7A41A900C52AFB /* Home.storyboard in Resources */,
				239071BB2A77B33300C52AFB /* BookCollectionViewCell.xib in Resources */,
				239071D12A7A478F00C52AFB /* BestTableViewCell.xib in Resources */,
				239071AC2A77B1F700C52AFB /* Assets.xcassets in Resources */,
				239071AA2A77B1F500C52AFB /* Main.storyboard in Resources */,
			);
			runOnlyForDeploymentPostprocessing = 0;
		};
/* End PBXResourcesBuildPhase section */

/* Begin PBXSourcesBuildPhase section */
		2390719B2A77B1F500C52AFB /* Sources */ = {
			isa = PBXSourcesBuildPhase;
			buildActionMask = 2147483647;
			files = (
				239071BF2A77CD4C00C52AFB /* Movie.swift in Sources */,
				23870E132A7BDFE200B743F0 /* Protocol.swift in Sources */,
				239071A72A77B1F500C52AFB /* SearchViewController.swift in Sources */,
				239071A32A77B1F500C52AFB /* AppDelegate.swift in Sources */,
				239071A52A77B1F500C52AFB /* SceneDelegate.swift in Sources */,
				239071BD2A77C89F00C52AFB /* DetailViewController.swift in Sources */,
				239071CD2A7A435600C52AFB /* HomeViewController.swift in Sources */,
				239071D02A7A478F00C52AFB /* BestTableViewCell.swift in Sources */,
				232408BF2A83BFDA000A1024 /* Book.swift in Sources */,
				2387E7ED2AA727010019E4F9 /* Extension+FileManager.swift in Sources */,
				232408B12A82757C000A1024 /* APIKey.swift in Sources */,
				239071C32A77CE0B00C52AFB /* Extension+UIViewController.swift in Sources */,
				239071BA2A77B33300C52AFB /* BookCollectionViewCell.swift in Sources */,
				239071D42A7A55AD00C52AFB /* RecentCollectionViewCell.swift in Sources */,
				2387E7E12AA600040019E4F9 /* RealmModel.swift in Sources */,
				2387E7E62AA61B7A0019E4F9 /* KakaoBookAPIManager.swift in Sources */,
				239071C12A77CD7500C52AFB /* MovieInfo.swift in Sources */,
				239071B72A77B2E800C52AFB /* BookCollectionViewController.swift in Sources */,
			);
			runOnlyForDeploymentPostprocessing = 0;
		};
/* End PBXSourcesBuildPhase section */

/* Begin PBXVariantGroup section */
		239071A82A77B1F500C52AFB /* Main.storyboard */ = {
			isa = PBXVariantGroup;
			children = (
				239071A92A77B1F500C52AFB /* Base */,
			);
			name = Main.storyboard;
			sourceTree = "<group>";
		};
		239071AD2A77B1F700C52AFB /* LaunchScreen.storyboard */ = {
			isa = PBXVariantGroup;
			children = (
				239071AE2A77B1F700C52AFB /* Base */,
			);
			name = LaunchScreen.storyboard;
			sourceTree = "<group>";
		};
/* End PBXVariantGroup section */

/* Begin XCBuildConfiguration section */
		239071B12A77B1F700C52AFB /* Debug */ = {
			isa = XCBuildConfiguration;
			buildSettings = {
				ALWAYS_SEARCH_USER_PATHS = NO;
				CLANG_ANALYZER_NONNULL = YES;
				CLANG_ANALYZER_NUMBER_OBJECT_CONVERSION = YES_AGGRESSIVE;
				CLANG_CXX_LANGUAGE_STANDARD = "gnu++20";
				CLANG_ENABLE_MODULES = YES;
				CLANG_ENABLE_OBJC_ARC = YES;
				CLANG_ENABLE_OBJC_WEAK = YES;
				CLANG_WARN_BLOCK_CAPTURE_AUTORELEASING = YES;
				CLANG_WARN_BOOL_CONVERSION = YES;
				CLANG_WARN_COMMA = YES;
				CLANG_WARN_CONSTANT_CONVERSION = YES;
				CLANG_WARN_DEPRECATED_OBJC_IMPLEMENTATIONS = YES;
				CLANG_WARN_DIRECT_OBJC_ISA_USAGE = YES_ERROR;
				CLANG_WARN_DOCUMENTATION_COMMENTS = YES;
				CLANG_WARN_EMPTY_BODY = YES;
				CLANG_WARN_ENUM_CONVERSION = YES;
				CLANG_WARN_INFINITE_RECURSION = YES;
				CLANG_WARN_INT_CONVERSION = YES;
				CLANG_WARN_NON_LITERAL_NULL_CONVERSION = YES;
				CLANG_WARN_OBJC_IMPLICIT_RETAIN_SELF = YES;
				CLANG_WARN_OBJC_LITERAL_CONVERSION = YES;
				CLANG_WARN_OBJC_ROOT_CLASS = YES_ERROR;
				CLANG_WARN_QUOTED_INCLUDE_IN_FRAMEWORK_HEADER = YES;
				CLANG_WARN_RANGE_LOOP_ANALYSIS = YES;
				CLANG_WARN_STRICT_PROTOTYPES = YES;
				CLANG_WARN_SUSPICIOUS_MOVE = YES;
				CLANG_WARN_UNGUARDED_AVAILABILITY = YES_AGGRESSIVE;
				CLANG_WARN_UNREACHABLE_CODE = YES;
				CLANG_WARN__DUPLICATE_METHOD_MATCH = YES;
				COPY_PHASE_STRIP = NO;
				DEBUG_INFORMATION_FORMAT = dwarf;
				ENABLE_STRICT_OBJC_MSGSEND = YES;
				ENABLE_TESTABILITY = YES;
				GCC_C_LANGUAGE_STANDARD = gnu11;
				GCC_DYNAMIC_NO_PIC = NO;
				GCC_NO_COMMON_BLOCKS = YES;
				GCC_OPTIMIZATION_LEVEL = 0;
				GCC_PREPROCESSOR_DEFINITIONS = (
					"DEBUG=1",
					"$(inherited)",
				);
				GCC_WARN_64_TO_32_BIT_CONVERSION = YES;
				GCC_WARN_ABOUT_RETURN_TYPE = YES_ERROR;
				GCC_WARN_UNDECLARED_SELECTOR = YES;
				GCC_WARN_UNINITIALIZED_AUTOS = YES_AGGRESSIVE;
				GCC_WARN_UNUSED_FUNCTION = YES;
				GCC_WARN_UNUSED_VARIABLE = YES;
				IPHONEOS_DEPLOYMENT_TARGET = 16.4;
				MTL_ENABLE_DEBUG_INFO = INCLUDE_SOURCE;
				MTL_FAST_MATH = YES;
				ONLY_ACTIVE_ARCH = YES;
				SDKROOT = iphoneos;
				SWIFT_ACTIVE_COMPILATION_CONDITIONS = DEBUG;
				SWIFT_OPTIMIZATION_LEVEL = "-Onone";
			};
			name = Debug;
		};
		239071B22A77B1F700C52AFB /* Release */ = {
			isa = XCBuildConfiguration;
			buildSettings = {
				ALWAYS_SEARCH_USER_PATHS = NO;
				CLANG_ANALYZER_NONNULL = YES;
				CLANG_ANALYZER_NUMBER_OBJECT_CONVERSION = YES_AGGRESSIVE;
				CLANG_CXX_LANGUAGE_STANDARD = "gnu++20";
				CLANG_ENABLE_MODULES = YES;
				CLANG_ENABLE_OBJC_ARC = YES;
				CLANG_ENABLE_OBJC_WEAK = YES;
				CLANG_WARN_BLOCK_CAPTURE_AUTORELEASING = YES;
				CLANG_WARN_BOOL_CONVERSION = YES;
				CLANG_WARN_COMMA = YES;
				CLANG_WARN_CONSTANT_CONVERSION = YES;
				CLANG_WARN_DEPRECATED_OBJC_IMPLEMENTATIONS = YES;
				CLANG_WARN_DIRECT_OBJC_ISA_USAGE = YES_ERROR;
				CLANG_WARN_DOCUMENTATION_COMMENTS = YES;
				CLANG_WARN_EMPTY_BODY = YES;
				CLANG_WARN_ENUM_CONVERSION = YES;
				CLANG_WARN_INFINITE_RECURSION = YES;
				CLANG_WARN_INT_CONVERSION = YES;
				CLANG_WARN_NON_LITERAL_NULL_CONVERSION = YES;
				CLANG_WARN_OBJC_IMPLICIT_RETAIN_SELF = YES;
				CLANG_WARN_OBJC_LITERAL_CONVERSION = YES;
				CLANG_WARN_OBJC_ROOT_CLASS = YES_ERROR;
				CLANG_WARN_QUOTED_INCLUDE_IN_FRAMEWORK_HEADER = YES;
				CLANG_WARN_RANGE_LOOP_ANALYSIS = YES;
				CLANG_WARN_STRICT_PROTOTYPES = YES;
				CLANG_WARN_SUSPICIOUS_MOVE = YES;
				CLANG_WARN_UNGUARDED_AVAILABILITY = YES_AGGRESSIVE;
				CLANG_WARN_UNREACHABLE_CODE = YES;
				CLANG_WARN__DUPLICATE_METHOD_MATCH = YES;
				COPY_PHASE_STRIP = NO;
				DEBUG_INFORMATION_FORMAT = "dwarf-with-dsym";
				ENABLE_NS_ASSERTIONS = NO;
				ENABLE_STRICT_OBJC_MSGSEND = YES;
				GCC_C_LANGUAGE_STANDARD = gnu11;
				GCC_NO_COMMON_BLOCKS = YES;
				GCC_WARN_64_TO_32_BIT_CONVERSION = YES;
				GCC_WARN_ABOUT_RETURN_TYPE = YES_ERROR;
				GCC_WARN_UNDECLARED_SELECTOR = YES;
				GCC_WARN_UNINITIALIZED_AUTOS = YES_AGGRESSIVE;
				GCC_WARN_UNUSED_FUNCTION = YES;
				GCC_WARN_UNUSED_VARIABLE = YES;
				IPHONEOS_DEPLOYMENT_TARGET = 16.4;
				MTL_ENABLE_DEBUG_INFO = NO;
				MTL_FAST_MATH = YES;
				SDKROOT = iphoneos;
				SWIFT_COMPILATION_MODE = wholemodule;
				SWIFT_OPTIMIZATION_LEVEL = "-O";
				VALIDATE_PRODUCT = YES;
			};
			name = Release;
		};
		239071B42A77B1F700C52AFB /* Debug */ = {
			isa = XCBuildConfiguration;
			buildSettings = {
				ASSETCATALOG_COMPILER_APPICON_NAME = AppIcon;
				ASSETCATALOG_COMPILER_GLOBAL_ACCENT_COLOR_NAME = AccentColor;
				CODE_SIGN_STYLE = Automatic;
				CURRENT_PROJECT_VERSION = 1;
				DEVELOPMENT_TEAM = XG2N7C4BNF;
				GENERATE_INFOPLIST_FILE = YES;
				INFOPLIST_FILE = Bookworm/Info.plist;
				INFOPLIST_KEY_UIApplicationSupportsIndirectInputEvents = YES;
				INFOPLIST_KEY_UILaunchStoryboardName = LaunchScreen;
				INFOPLIST_KEY_UIMainStoryboardFile = Main;
				INFOPLIST_KEY_UISupportedInterfaceOrientations_iPad = "UIInterfaceOrientationPortrait UIInterfaceOrientationPortraitUpsideDown UIInterfaceOrientationLandscapeLeft UIInterfaceOrientationLandscapeRight";
				INFOPLIST_KEY_UISupportedInterfaceOrientations_iPhone = "UIInterfaceOrientationPortrait UIInterfaceOrientationLandscapeLeft UIInterfaceOrientationLandscapeRight";
				IPHONEOS_DEPLOYMENT_TARGET = 16.0;
				LD_RUNPATH_SEARCH_PATHS = (
					"$(inherited)",
					"@executable_path/Frameworks",
				);
				MARKETING_VERSION = 1.0;
				PRODUCT_BUNDLE_IDENTIFIER = doryb.Bookworm;
				PRODUCT_NAME = "$(TARGET_NAME)";
				SUPPORTED_PLATFORMS = "iphoneos iphonesimulator";
				SUPPORTS_MACCATALYST = NO;
				SUPPORTS_MAC_DESIGNED_FOR_IPHONE_IPAD = NO;
				SWIFT_EMIT_LOC_STRINGS = YES;
				SWIFT_VERSION = 5.0;
				TARGETED_DEVICE_FAMILY = 1;
			};
			name = Debug;
		};
		239071B52A77B1F700C52AFB /* Release */ = {
			isa = XCBuildConfiguration;
			buildSettings = {
				ASSETCATALOG_COMPILER_APPICON_NAME = AppIcon;
				ASSETCATALOG_COMPILER_GLOBAL_ACCENT_COLOR_NAME = AccentColor;
				CODE_SIGN_STYLE = Automatic;
				CURRENT_PROJECT_VERSION = 1;
				DEVELOPMENT_TEAM = XG2N7C4BNF;
				GENERATE_INFOPLIST_FILE = YES;
				INFOPLIST_FILE = Bookworm/Info.plist;
				INFOPLIST_KEY_UIApplicationSupportsIndirectInputEvents = YES;
				INFOPLIST_KEY_UILaunchStoryboardName = LaunchScreen;
				INFOPLIST_KEY_UIMainStoryboardFile = Main;
				INFOPLIST_KEY_UISupportedInterfaceOrientations_iPad = "UIInterfaceOrientationPortrait UIInterfaceOrientationPortraitUpsideDown UIInterfaceOrientationLandscapeLeft UIInterfaceOrientationLandscapeRight";
				INFOPLIST_KEY_UISupportedInterfaceOrientations_iPhone = "UIInterfaceOrientationPortrait UIInterfaceOrientationLandscapeLeft UIInterfaceOrientationLandscapeRight";
				IPHONEOS_DEPLOYMENT_TARGET = 16.0;
				LD_RUNPATH_SEARCH_PATHS = (
					"$(inherited)",
					"@executable_path/Frameworks",
				);
				MARKETING_VERSION = 1.0;
				PRODUCT_BUNDLE_IDENTIFIER = doryb.Bookworm;
				PRODUCT_NAME = "$(TARGET_NAME)";
				SUPPORTED_PLATFORMS = "iphoneos iphonesimulator";
				SUPPORTS_MACCATALYST = NO;
				SUPPORTS_MAC_DESIGNED_FOR_IPHONE_IPAD = NO;
				SWIFT_EMIT_LOC_STRINGS = YES;
				SWIFT_VERSION = 5.0;
				TARGETED_DEVICE_FAMILY = 1;
			};
			name = Release;
		};
/* End XCBuildConfiguration section */

/* Begin XCConfigurationList section */
		2390719A2A77B1F500C52AFB /* Build configuration list for PBXProject "Bookworm" */ = {
			isa = XCConfigurationList;
			buildConfigurations = (
				239071B12A77B1F700C52AFB /* Debug */,
				239071B22A77B1F700C52AFB /* Release */,
			);
			defaultConfigurationIsVisible = 0;
			defaultConfigurationName = Release;
		};
		239071B32A77B1F700C52AFB /* Build configuration list for PBXNativeTarget "Bookworm" */ = {
			isa = XCConfigurationList;
			buildConfigurations = (
				239071B42A77B1F700C52AFB /* Debug */,
				239071B52A77B1F700C52AFB /* Release */,
			);
			defaultConfigurationIsVisible = 0;
			defaultConfigurationName = Release;
		};
/* End XCConfigurationList section */

/* Begin XCRemoteSwiftPackageReference section */
		232408A82A82746E000A1024 /* XCRemoteSwiftPackageReference "Alamofire" */ = {
			isa = XCRemoteSwiftPackageReference;
			repositoryURL = "https://github.com/Alamofire/Alamofire.git";
			requirement = {
				kind = upToNextMajorVersion;
				minimumVersion = 5.0.0;
			};
		};
		232408AB2A82748E000A1024 /* XCRemoteSwiftPackageReference "SwiftyJSON" */ = {
			isa = XCRemoteSwiftPackageReference;
			repositoryURL = "https://github.com/SwiftyJSON/SwiftyJSON.git";
			requirement = {
				kind = upToNextMajorVersion;
				minimumVersion = 5.0.0;
			};
		};
		232408B92A827D7D000A1024 /* XCRemoteSwiftPackageReference "Kingfisher" */ = {
			isa = XCRemoteSwiftPackageReference;
			repositoryURL = "https://github.com/onevcat/Kingfisher.git";
			requirement = {
				kind = upToNextMajorVersion;
				minimumVersion = 7.0.0;
			};
		};
		2387E7DB2AA5FFD40019E4F9 /* XCRemoteSwiftPackageReference "realm-swift" */ = {
			isa = XCRemoteSwiftPackageReference;
			repositoryURL = "https://github.com/realm/realm-swift.git";
			requirement = {
				kind = exactVersion;
				version = 10.42.1;
			};
		};
/* End XCRemoteSwiftPackageReference section */

/* Begin XCSwiftPackageProductDependency section */
		232408A92A82746E000A1024 /* Alamofire */ = {
			isa = XCSwiftPackageProductDependency;
			package = 232408A82A82746E000A1024 /* XCRemoteSwiftPackageReference "Alamofire" */;
			productName = Alamofire;
		};
		232408AC2A82748E000A1024 /* SwiftyJSON */ = {
			isa = XCSwiftPackageProductDependency;
			package = 232408AB2A82748E000A1024 /* XCRemoteSwiftPackageReference "SwiftyJSON" */;
			productName = SwiftyJSON;
		};
		232408BA2A827D7D000A1024 /* Kingfisher */ = {
			isa = XCSwiftPackageProductDependency;
			package = 232408B92A827D7D000A1024 /* XCRemoteSwiftPackageReference "Kingfisher" */;
			productName = Kingfisher;
		};
		2387E7DC2AA5FFD40019E4F9 /* Realm */ = {
			isa = XCSwiftPackageProductDependency;
			package = 2387E7DB2AA5FFD40019E4F9 /* XCRemoteSwiftPackageReference "realm-swift" */;
			productName = Realm;
		};
		2387E7DE2AA5FFD40019E4F9 /* RealmSwift */ = {
			isa = XCSwiftPackageProductDependency;
			package = 2387E7DB2AA5FFD40019E4F9 /* XCRemoteSwiftPackageReference "realm-swift" */;
			productName = RealmSwift;
		};
/* End XCSwiftPackageProductDependency section */
	};
	rootObject = 239071972A77B1F500C52AFB /* Project object */;
}
